
Microsoft Visual Studio Solution File, Format Version 12.00
# Visual Studio Version 17
VisualStudioVersion = 17.2.32526.322
MinimumVisualStudioVersion = 10.0.40219.1
Project("{FAE04EC0-301F-11D3-BF4B-00C04F79EFBC}") = "CS6", "CS6\CS6.csproj", "{737CF367-9185-405C-8FA9-38647259825D}"
EndProject
Global
	GlobalSection(SolutionConfigurationPlatforms) = preSolution
		Debug|Any CPU = Debug|Any CPU
		Release|Any CPU = Release|Any CPU
	EndGlobalSection
	GlobalSection(ProjectConfigurationPlatforms) = postSolution
		{737CF367-9185-405C-8FA9-38647259825D}.Debug|Any CPU.ActiveCfg = Debug|Any CPU
		{737CF367-9185-405C-8FA9-38647259825D}.Debug|Any CPU.Build.0 = Debug|Any CPU
		{737CF367-9185-405C-8FA9-38647259825D}.Release|Any CPU.ActiveCfg = Release|Any CPU
		{737CF367-9185-405C-8FA9-38647259825D}.Release|Any CPU.Build.0 = Release|Any CPU
	EndGlobalSection
	GlobalSection(SolutionProperties) = preSolution
		HideSolutionNode = FALSE
	EndGlobalSection
	GlobalSection(ExtensibilityGlobals) = postSolution
		SolutionGuid = {14AD25AB-40ED-4EB2-96D8-A172399142C6}
	EndGlobalSection
EndGlobal
